
Microsoft Visual Studio Solution File, Format Version 12.00
# Visual Studio 15
VisualStudioVersion = 15.0.26124.0
MinimumVisualStudioVersion = 15.0.26124.0
Project("{FAE04EC0-301F-11D3-BF4B-00C04F79EFBC}") = "API", "API\API.csproj", "{C6812D98-B16D-455A-93DF-E9D33D58EA1A}"
EndProject
Project("{FAE04EC0-301F-11D3-BF4B-00C04F79EFBC}") = "Persistence", "Persistence\Persistence.csproj", "{D17F53FA-5406-4FC0-B46C-382117C159D7}"
EndProject
Project("{FAE04EC0-301F-11D3-BF4B-00C04F79EFBC}") = "Application", "Application\Application.csproj", "{E83A7D86-ABD9-4130-BE76-CE4688568DC4}"
EndProject
Project("{FAE04EC0-301F-11D3-BF4B-00C04F79EFBC}") = "Domain", "Domain\Domain.csproj", "{A5866617-7EB7-445E-B6AC-1CA92C39E29D}"
EndProject
Project("{FAE04EC0-301F-11D3-BF4B-00C04F79EFBC}") = "Infrastructure", "Infrastructure\Infrastructure.csproj", "{69D1F9DD-AA49-4DB1-8D09-B30B6C6B7E18}"
EndProject
Global
	GlobalSection(SolutionConfigurationPlatforms) = preSolution
		Debug|Any CPU = Debug|Any CPU
		Debug|x64 = Debug|x64
		Debug|x86 = Debug|x86
		Release|Any CPU = Release|Any CPU
		Release|x64 = Release|x64
		Release|x86 = Release|x86
	EndGlobalSection
	GlobalSection(SolutionProperties) = preSolution
		HideSolutionNode = FALSE
	EndGlobalSection
	GlobalSection(ProjectConfigurationPlatforms) = postSolution
		{C6812D98-B16D-455A-93DF-E9D33D58EA1A}.Debug|Any CPU.ActiveCfg = Debug|Any CPU
		{C6812D98-B16D-455A-93DF-E9D33D58EA1A}.Debug|Any CPU.Build.0 = Debug|Any CPU
		{C6812D98-B16D-455A-93DF-E9D33D58EA1A}.Debug|x64.ActiveCfg = Debug|Any CPU
		{C6812D98-B16D-455A-93DF-E9D33D58EA1A}.Debug|x64.Build.0 = Debug|Any CPU
		{C6812D98-B16D-455A-93DF-E9D33D58EA1A}.Debug|x86.ActiveCfg = Debug|Any CPU
		{C6812D98-B16D-455A-93DF-E9D33D58EA1A}.Debug|x86.Build.0 = Debug|Any CPU
		{C6812D98-B16D-455A-93DF-E9D33D58EA1A}.Release|Any CPU.ActiveCfg = Release|Any CPU
		{C6812D98-B16D-455A-93DF-E9D33D58EA1A}.Release|Any CPU.Build.0 = Release|Any CPU
		{C6812D98-B16D-455A-93DF-E9D33D58EA1A}.Release|x64.ActiveCfg = Release|Any CPU
		{C6812D98-B16D-455A-93DF-E9D33D58EA1A}.Release|x64.Build.0 = Release|Any CPU
		{C6812D98-B16D-455A-93DF-E9D33D58EA1A}.Release|x86.ActiveCfg = Release|Any CPU
		{C6812D98-B16D-455A-93DF-E9D33D58EA1A}.Release|x86.Build.0 = Release|Any CPU
		{D17F53FA-5406-4FC0-B46C-382117C159D7}.Debug|Any CPU.ActiveCfg = Debug|Any CPU
		{D17F53FA-5406-4FC0-B46C-382117C159D7}.Debug|Any CPU.Build.0 = Debug|Any CPU
		{D17F53FA-5406-4FC0-B46C-382117C159D7}.Debug|x64.ActiveCfg = Debug|Any CPU
		{D17F53FA-5406-4FC0-B46C-382117C159D7}.Debug|x64.Build.0 = Debug|Any CPU
		{D17F53FA-5406-4FC0-B46C-382117C159D7}.Debug|x86.ActiveCfg = Debug|Any CPU
		{D17F53FA-5406-4FC0-B46C-382117C159D7}.Debug|x86.Build.0 = Debug|Any CPU
		{D17F53FA-5406-4FC0-B46C-382117C159D7}.Release|Any CPU.ActiveCfg = Release|Any CPU
		{D17F53FA-5406-4FC0-B46C-382117C159D7}.Release|Any CPU.Build.0 = Release|Any CPU
		{D17F53FA-5406-4FC0-B46C-382117C159D7}.Release|x64.ActiveCfg = Release|Any CPU
		{D17F53FA-5406-4FC0-B46C-382117C159D7}.Release|x64.Build.0 = Release|Any CPU
		{D17F53FA-5406-4FC0-B46C-382117C159D7}.Release|x86.ActiveCfg = Release|Any CPU
		{D17F53FA-5406-4FC0-B46C-382117C159D7}.Release|x86.Build.0 = Release|Any CPU
		{E83A7D86-ABD9-4130-BE76-CE4688568DC4}.Debug|Any CPU.ActiveCfg = Debug|Any CPU
		{E83A7D86-ABD9-4130-BE76-CE4688568DC4}.Debug|Any CPU.Build.0 = Debug|Any CPU
		{E83A7D86-ABD9-4130-BE76-CE4688568DC4}.Debug|x64.ActiveCfg = Debug|Any CPU
		{E83A7D86-ABD9-4130-BE76-CE4688568DC4}.Debug|x64.Build.0 = Debug|Any CPU
		{E83A7D86-ABD9-4130-BE76-CE4688568DC4}.Debug|x86.ActiveCfg = Debug|Any CPU
		{E83A7D86-ABD9-4130-BE76-CE4688568DC4}.Debug|x86.Build.0 = Debug|Any CPU
		{E83A7D86-ABD9-4130-BE76-CE4688568DC4}.Release|Any CPU.ActiveCfg = Release|Any CPU
		{E83A7D86-ABD9-4130-BE76-CE4688568DC4}.Release|Any CPU.Build.0 = Release|Any CPU
		{E83A7D86-ABD9-4130-BE76-CE4688568DC4}.Release|x64.ActiveCfg = Release|Any CPU
		{E83A7D86-ABD9-4130-BE76-CE4688568DC4}.Release|x64.Build.0 = Release|Any CPU
		{E83A7D86-ABD9-4130-BE76-CE4688568DC4}.Release|x86.ActiveCfg = Release|Any CPU
		{E83A7D86-ABD9-4130-BE76-CE4688568DC4}.Release|x86.Build.0 = Release|Any CPU
		{A5866617-7EB7-445E-B6AC-1CA92C39E29D}.Debug|Any CPU.ActiveCfg = Debug|Any CPU
		{A5866617-7EB7-445E-B6AC-1CA92C39E29D}.Debug|Any CPU.Build.0 = Debug|Any CPU
		{A5866617-7EB7-445E-B6AC-1CA92C39E29D}.Debug|x64.ActiveCfg = Debug|Any CPU
		{A5866617-7EB7-445E-B6AC-1CA92C39E29D}.Debug|x64.Build.0 = Debug|Any CPU
		{A5866617-7EB7-445E-B6AC-1CA92C39E29D}.Debug|x86.ActiveCfg = Debug|Any CPU
		{A5866617-7EB7-445E-B6AC-1CA92C39E29D}.Debug|x86.Build.0 = Debug|Any CPU
		{A5866617-7EB7-445E-B6AC-1CA92C39E29D}.Release|Any CPU.ActiveCfg = Release|Any CPU
		{A5866617-7EB7-445E-B6AC-1CA92C39E29D}.Release|Any CPU.Build.0 = Release|Any CPU
		{A5866617-7EB7-445E-B6AC-1CA92C39E29D}.Release|x64.ActiveCfg = Release|Any CPU
		{A5866617-7EB7-445E-B6AC-1CA92C39E29D}.Release|x64.Build.0 = Release|Any CPU
		{A5866617-7EB7-445E-B6AC-1CA92C39E29D}.Release|x86.ActiveCfg = Release|Any CPU
		{A5866617-7EB7-445E-B6AC-1CA92C39E29D}.Release|x86.Build.0 = Release|Any CPU
		{69D1F9DD-AA49-4DB1-8D09-B30B6C6B7E18}.Debug|Any CPU.ActiveCfg = Debug|Any CPU
		{69D1F9DD-AA49-4DB1-8D09-B30B6C6B7E18}.Debug|Any CPU.Build.0 = Debug|Any CPU
		{69D1F9DD-AA49-4DB1-8D09-B30B6C6B7E18}.Debug|x64.ActiveCfg = Debug|Any CPU
		{69D1F9DD-AA49-4DB1-8D09-B30B6C6B7E18}.Debug|x64.Build.0 = Debug|Any CPU
		{69D1F9DD-AA49-4DB1-8D09-B30B6C6B7E18}.Debug|x86.ActiveCfg = Debug|Any CPU
		{69D1F9DD-AA49-4DB1-8D09-B30B6C6B7E18}.Debug|x86.Build.0 = Debug|Any CPU
		{69D1F9DD-AA49-4DB1-8D09-B30B6C6B7E18}.Release|Any CPU.ActiveCfg = Release|Any CPU
		{69D1F9DD-AA49-4DB1-8D09-B30B6C6B7E18}.Release|Any CPU.Build.0 = Release|Any CPU
		{69D1F9DD-AA49-4DB1-8D09-B30B6C6B7E18}.Release|x64.ActiveCfg = Release|Any CPU
		{69D1F9DD-AA49-4DB1-8D09-B30B6C6B7E18}.Release|x64.Build.0 = Release|Any CPU
		{69D1F9DD-AA49-4DB1-8D09-B30B6C6B7E18}.Release|x86.ActiveCfg = Release|Any CPU
		{69D1F9DD-AA49-4DB1-8D09-B30B6C6B7E18}.Release|x86.Build.0 = Release|Any CPU
	EndGlobalSection
EndGlobal
